
Microsoft Visual Studio Solution File, Format Version 12.00
# Visual Studio Version 17
VisualStudioVersion = 17.5.002.0
MinimumVisualStudioVersion = 10.0.40219.1
Project("{9A19103F-16F7-4668-BE54-9A1E7A4F7556}") = "EcoBar.Accounting", "EcoBar.Accounting.csproj", "{C075237A-9C77-4002-9F26-91C8FA7D2369}"
EndProject
Global
	GlobalSection(SolutionConfigurationPlatforms) = preSolution
		Debug|Any CPU = Debug|Any CPU
		Release|Any CPU = Release|Any CPU
	EndGlobalSection
	GlobalSection(ProjectConfigurationPlatforms) = postSolution
		{C075237A-9C77-4002-9F26-91C8FA7D2369}.Debug|Any CPU.ActiveCfg = Debug|Any CPU
		{C075237A-9C77-4002-9F26-91C8FA7D2369}.Debug|Any CPU.Build.0 = Debug|Any CPU
		{C075237A-9C77-4002-9F26-91C8FA7D2369}.Release|Any CPU.ActiveCfg = Release|Any CPU
		{C075237A-9C77-4002-9F26-91C8FA7D2369}.Release|Any CPU.Build.0 = Release|Any CPU
	EndGlobalSection
	GlobalSection(SolutionProperties) = preSolution
		HideSolutionNode = FALSE
	EndGlobalSection
	GlobalSection(ExtensibilityGlobals) = postSolution
		SolutionGuid = {01B9BB1F-DA2B-424F-A1CD-54511C2B3FD2}
	EndGlobalSection
EndGlobal
